
Microsoft Visual Studio Solution File, Format Version 12.00
# Visual Studio Version 17
VisualStudioVersion = 17.5.33530.505
MinimumVisualStudioVersion = 10.0.40219.1
Project("{FAE04EC0-301F-11D3-BF4B-00C04F79EFBC}") = "Parola_WinForm", "Parola_WinForm\Parola_WinForm.csproj", "{386CE75A-48E8-4071-B940-B86DB9D1279F}"
EndProject
Global
	GlobalSection(SolutionConfigurationPlatforms) = preSolution
		Debug|Any CPU = Debug|Any CPU
		Release|Any CPU = Release|Any CPU
	EndGlobalSection
	GlobalSection(ProjectConfigurationPlatforms) = postSolution
		{386CE75A-48E8-4071-B940-B86DB9D1279F}.Debug|Any CPU.ActiveCfg = Debug|Any CPU
		{386CE75A-48E8-4071-B940-B86DB9D1279F}.Debug|Any CPU.Build.0 = Debug|Any CPU
		{386CE75A-48E8-4071-B940-B86DB9D1279F}.Release|Any CPU.ActiveCfg = Release|Any CPU
		{386CE75A-48E8-4071-B940-B86DB9D1279F}.Release|Any CPU.Build.0 = Release|Any CPU
	EndGlobalSection
	GlobalSection(SolutionProperties) = preSolution
		HideSolutionNode = FALSE
	EndGlobalSection
	GlobalSection(ExtensibilityGlobals) = postSolution
		SolutionGuid = {8B649D6D-86D1-414E-BF4B-F5BFB9EBE946}
	EndGlobalSection
EndGlobal
